
Microsoft Visual Studio Solution File, Format Version 12.00
# Visual Studio Version 17
VisualStudioVersion = 17.11.35208.52
MinimumVisualStudioVersion = 10.0.40219.1
Project("{9A19103F-16F7-4668-BE54-9A1E7A4F7556}") = "Ara3D.Speckle.Data", "Ara3D.Speckle.Data\Ara3D.Speckle.Data.csproj", "{715D856A-601E-44F0-9E1B-204C8A5A2742}"
EndProject
Project("{9A19103F-16F7-4668-BE54-9A1E7A4F7556}") = "Ara3D.SpeckleCon.Tests", "Ara3D.SpeckleCon.Tests\Ara3D.SpeckleCon.Tests.csproj", "{5874AC18-C340-472B-9A9A-E7753359DF14}"
EndProject
Project("{9A19103F-16F7-4668-BE54-9A1E7A4F7556}") = "Plato.Geometry", "Plato.Geometry\Plato.Geometry.CSharp\Plato.Geometry.csproj", "{97B9FDEE-184E-4E7F-95E3-D92C0C02DB17}"
EndProject
Project("{9A19103F-16F7-4668-BE54-9A1E7A4F7556}") = "Plato.Geometry.Assimp", "Plato.Geometry\Plato.Geometry.Assimp\Plato.Geometry.Assimp.csproj", "{EBB229B4-A1AE-400C-A69A-80EEABE56FFB}"
EndProject
Project("{9A19103F-16F7-4668-BE54-9A1E7A4F7556}") = "Plato.Geometry.G3Sharp", "Plato.Geometry\Plato.Geometry.G3Sharp\Plato.Geometry.G3Sharp.csproj", "{A4787A91-C382-47A9-82A5-60D0190763F7}"
EndProject
Project("{9A19103F-16F7-4668-BE54-9A1E7A4F7556}") = "Plato.Geometry.Revit", "Plato.Geometry\Plato.Geometry.Revit\Plato.Geometry.Revit.csproj", "{9CD16758-650C-4D9E-8818-3A03DE9136EF}"
EndProject
Project("{9A19103F-16F7-4668-BE54-9A1E7A4F7556}") = "Plato.Geometry.Speckle", "Plato.Geometry\Plato.Geometry.Speckle\Plato.Geometry.Speckle.csproj", "{56404D2E-4283-47A2-B42A-C292D37E443F}"
EndProject
Project("{9A19103F-16F7-4668-BE54-9A1E7A4F7556}") = "Plato.Geometry.WPF", "Plato.Geometry\Plato.Geometry.WPF\Plato.Geometry.WPF.csproj", "{2FE25ACB-75D0-4503-AE42-90ED6C357B9A}"
EndProject
Global
	GlobalSection(SolutionConfigurationPlatforms) = preSolution
		Debug|Any CPU = Debug|Any CPU
		Release|Any CPU = Release|Any CPU
	EndGlobalSection
	GlobalSection(ProjectConfigurationPlatforms) = postSolution
		{715D856A-601E-44F0-9E1B-204C8A5A2742}.Debug|Any CPU.ActiveCfg = Debug|Any CPU
		{715D856A-601E-44F0-9E1B-204C8A5A2742}.Debug|Any CPU.Build.0 = Debug|Any CPU
		{715D856A-601E-44F0-9E1B-204C8A5A2742}.Release|Any CPU.ActiveCfg = Release|Any CPU
		{715D856A-601E-44F0-9E1B-204C8A5A2742}.Release|Any CPU.Build.0 = Release|Any CPU
		{5874AC18-C340-472B-9A9A-E7753359DF14}.Debug|Any CPU.ActiveCfg = Debug|Any CPU
		{5874AC18-C340-472B-9A9A-E7753359DF14}.Debug|Any CPU.Build.0 = Debug|Any CPU
		{5874AC18-C340-472B-9A9A-E7753359DF14}.Release|Any CPU.ActiveCfg = Release|Any CPU
		{5874AC18-C340-472B-9A9A-E7753359DF14}.Release|Any CPU.Build.0 = Release|Any CPU
		{97B9FDEE-184E-4E7F-95E3-D92C0C02DB17}.Debug|Any CPU.ActiveCfg = Debug|Any CPU
		{97B9FDEE-184E-4E7F-95E3-D92C0C02DB17}.Debug|Any CPU.Build.0 = Debug|Any CPU
		{97B9FDEE-184E-4E7F-95E3-D92C0C02DB17}.Release|Any CPU.ActiveCfg = Release|Any CPU
		{97B9FDEE-184E-4E7F-95E3-D92C0C02DB17}.Release|Any CPU.Build.0 = Release|Any CPU
		{EBB229B4-A1AE-400C-A69A-80EEABE56FFB}.Debug|Any CPU.ActiveCfg = Debug|Any CPU
		{EBB229B4-A1AE-400C-A69A-80EEABE56FFB}.Debug|Any CPU.Build.0 = Debug|Any CPU
		{EBB229B4-A1AE-400C-A69A-80EEABE56FFB}.Release|Any CPU.ActiveCfg = Release|Any CPU
		{EBB229B4-A1AE-400C-A69A-80EEABE56FFB}.Release|Any CPU.Build.0 = Release|Any CPU
		{A4787A91-C382-47A9-82A5-60D0190763F7}.Debug|Any CPU.ActiveCfg = Debug|Any CPU
		{A4787A91-C382-47A9-82A5-60D0190763F7}.Debug|Any CPU.Build.0 = Debug|Any CPU
		{A4787A91-C382-47A9-82A5-60D0190763F7}.Release|Any CPU.ActiveCfg = Release|Any CPU
		{A4787A91-C382-47A9-82A5-60D0190763F7}.Release|Any CPU.Build.0 = Release|Any CPU
		{9CD16758-650C-4D9E-8818-3A03DE9136EF}.Debug|Any CPU.ActiveCfg = Debug|Any CPU
		{9CD16758-650C-4D9E-8818-3A03DE9136EF}.Debug|Any CPU.Build.0 = Debug|Any CPU
		{9CD16758-650C-4D9E-8818-3A03DE9136EF}.Release|Any CPU.ActiveCfg = Release|Any CPU
		{9CD16758-650C-4D9E-8818-3A03DE9136EF}.Release|Any CPU.Build.0 = Release|Any CPU
		{56404D2E-4283-47A2-B42A-C292D37E443F}.Debug|Any CPU.ActiveCfg = Debug|Any CPU
		{56404D2E-4283-47A2-B42A-C292D37E443F}.Debug|Any CPU.Build.0 = Debug|Any CPU
		{56404D2E-4283-47A2-B42A-C292D37E443F}.Release|Any CPU.ActiveCfg = Release|Any CPU
		{56404D2E-4283-47A2-B42A-C292D37E443F}.Release|Any CPU.Build.0 = Release|Any CPU
		{2FE25ACB-75D0-4503-AE42-90ED6C357B9A}.Debug|Any CPU.ActiveCfg = Debug|Any CPU
		{2FE25ACB-75D0-4503-AE42-90ED6C357B9A}.Debug|Any CPU.Build.0 = Debug|Any CPU
		{2FE25ACB-75D0-4503-AE42-90ED6C357B9A}.Release|Any CPU.ActiveCfg = Release|Any CPU
		{2FE25ACB-75D0-4503-AE42-90ED6C357B9A}.Release|Any CPU.Build.0 = Release|Any CPU
	EndGlobalSection
	GlobalSection(SolutionProperties) = preSolution
		HideSolutionNode = FALSE
	EndGlobalSection
	GlobalSection(ExtensibilityGlobals) = postSolution
		SolutionGuid = {D524EFDC-3C95-4721-899A-0AD95ED95E60}
	EndGlobalSection
EndGlobal
